
Microsoft Visual Studio Solution File, Format Version 12.00
# Visual Studio Version 17
VisualStudioVersion = 17.13.35931.197 d17.13
MinimumVisualStudioVersion = 10.0.40219.1
Project("{FAE04EC0-301F-11D3-BF4B-00C04F79EFBC}") = "FactoryMethodPatternConsole", "FactoryMethodPatternConsole\FactoryMethodPatternConsole.csproj", "{9B8408AA-04B9-47DB-8FDB-AAE873B864AF}"
EndProject
Global
	GlobalSection(SolutionConfigurationPlatforms) = preSolution
		Debug|Any CPU = Debug|Any CPU
		Release|Any CPU = Release|Any CPU
	EndGlobalSection
	GlobalSection(ProjectConfigurationPlatforms) = postSolution
		{9B8408AA-04B9-47DB-8FDB-AAE873B864AF}.Debug|Any CPU.ActiveCfg = Debug|Any CPU
		{9B8408AA-04B9-47DB-8FDB-AAE873B864AF}.Debug|Any CPU.Build.0 = Debug|Any CPU
		{9B8408AA-04B9-47DB-8FDB-AAE873B864AF}.Release|Any CPU.ActiveCfg = Release|Any CPU
		{9B8408AA-04B9-47DB-8FDB-AAE873B864AF}.Release|Any CPU.Build.0 = Release|Any CPU
	EndGlobalSection
	GlobalSection(SolutionProperties) = preSolution
		HideSolutionNode = FALSE
	EndGlobalSection
	GlobalSection(ExtensibilityGlobals) = postSolution
		SolutionGuid = {14AF3CBA-F7A9-45CE-9FA1-15E0A17C3572}
	EndGlobalSection
EndGlobal
